
Microsoft Visual Studio Solution File, Format Version 12.00
# Visual Studio 15
VisualStudioVersion = 15.0.28010.2041
MinimumVisualStudioVersion = 10.0.40219.1
Project("{FAE04EC0-301F-11D3-BF4B-00C04F79EFBC}") = "Sudoku", "SudokuApp\Sudoku.csproj", "{68F4AA02-9A93-4C11-ABC8-7017F0668AAB}"
EndProject
Global
	GlobalSection(SolutionConfigurationPlatforms) = preSolution
		Debug|Any CPU = Debug|Any CPU
		Release|Any CPU = Release|Any CPU
	EndGlobalSection
	GlobalSection(ProjectConfigurationPlatforms) = postSolution
		{68F4AA02-9A93-4C11-ABC8-7017F0668AAB}.Debug|Any CPU.ActiveCfg = Debug|Any CPU
		{68F4AA02-9A93-4C11-ABC8-7017F0668AAB}.Debug|Any CPU.Build.0 = Debug|Any CPU
		{68F4AA02-9A93-4C11-ABC8-7017F0668AAB}.Release|Any CPU.ActiveCfg = Release|Any CPU
		{68F4AA02-9A93-4C11-ABC8-7017F0668AAB}.Release|Any CPU.Build.0 = Release|Any CPU
	EndGlobalSection
	GlobalSection(SolutionProperties) = preSolution
		HideSolutionNode = FALSE
	EndGlobalSection
	GlobalSection(ExtensibilityGlobals) = postSolution
		SolutionGuid = {78245D0B-C519-4FEC-A6EA-DD04F722BBF5}
	EndGlobalSection
EndGlobal
